// !$*UTF8*$!
{
	archiveVersion = 1;
	classes = {
	};
	objectVersion = 50;
	objects = {

/* Begin PBXBuildFile section */
		846595B723F286D100D05DC0 /* AppDelegate.swift in Sources */ = {isa = PBXBuildFile; fileRef = 846595B623F286D100D05DC0 /* AppDelegate.swift */; };
		846595B923F286D100D05DC0 /* SceneDelegate.swift in Sources */ = {isa = PBXBuildFile; fileRef = 846595B823F286D100D05DC0 /* SceneDelegate.swift */; };
		846595BB23F286D100D05DC0 /* ViewController.swift in Sources */ = {isa = PBXBuildFile; fileRef = 846595BA23F286D100D05DC0 /* ViewController.swift */; };
		846595BE23F286D100D05DC0 /* Main.storyboard in Resources */ = {isa = PBXBuildFile; fileRef = 846595BC23F286D100D05DC0 /* Main.storyboard */; };
		846595C023F286D100D05DC0 /* Assets.xcassets in Resources */ = {isa = PBXBuildFile; fileRef = 846595BF23F286D100D05DC0 /* Assets.xcassets */; };
		846595C323F286D100D05DC0 /* LaunchScreen.storyboard in Resources */ = {isa = PBXBuildFile; fileRef = 846595C123F286D100D05DC0 /* LaunchScreen.storyboard */; };
		846595CE23F286D200D05DC0 /* flixTests.swift in Sources */ = {isa = PBXBuildFile; fileRef = 846595CD23F286D200D05DC0 /* flixTests.swift */; };
		846595D923F286D200D05DC0 /* flixUITests.swift in Sources */ = {isa = PBXBuildFile; fileRef = 846595D823F286D200D05DC0 /* flixUITests.swift */; };
/* End PBXBuildFile section */

/* Begin PBXContainerItemProxy section */
		846595CA23F286D200D05DC0 /* PBXContainerItemProxy */ = {
			isa = PBXContainerItemProxy;
			containerPortal = 846595AB23F286D100D05DC0 /* Project object */;
			proxyType = 1;
			remoteGlobalIDString = 846595B223F286D100D05DC0;
			remoteInfo = flix;
		};
		846595D523F286D200D05DC0 /* PBXContainerItemProxy */ = {
			isa = PBXContainerItemProxy;
			containerPortal = 846595AB23F286D100D05DC0 /* Project object */;
			proxyType = 1;
			remoteGlobalIDString = 846595B223F286D100D05DC0;
			remoteInfo = flix;
		};
/* End PBXContainerItemProxy section */

/* Begin PBXFileReference section */
		846595B323F286D100D05DC0 /* flix.app */ = {isa = PBXFileReference; explicitFileType = wrapper.application; includeInIndex = 0; path = flix.app; sourceTree = BUILT_PRODUCTS_DIR; };
		846595B623F286D100D05DC0 /* AppDelegate.swift */ = {isa = PBXFileReference; lastKnownFileType = sourcecode.swift; path = AppDelegate.swift; sourceTree = "<group>"; };
		846595B823F286D100D05DC0 /* SceneDelegate.swift */ = {isa = PBXFileReference; lastKnownFileType = sourcecode.swift; path = SceneDelegate.swift; sourceTree = "<group>"; };
		846595BA23F286D100D05DC0 /* ViewController.swift */ = {isa = PBXFileReference; lastKnownFileType = sourcecode.swift; path = ViewController.swift; sourceTree = "<group>"; };
		846595BD23F286D100D05DC0 /* Base */ = {isa = PBXFileReference; lastKnownFileType = file.storyboard; name = Base; path = Base.lproj/Main.storyboard; sourceTree = "<group>"; };
		846595BF23F286D100D05DC0 /* Assets.xcassets */ = {isa = PBXFileReference; lastKnownFileType = folder.assetcatalog; path = Assets.xcassets; sourceTree = "<group>"; };
		846595C223F286D100D05DC0 /* Base */ = {isa = PBXFileReference; lastKnownFileType = file.storyboard; name = Base; path = Base.lproj/LaunchScreen.storyboard; sourceTree = "<group>"; };
		846595C423F286D100D05DC0 /* Info.plist */ = {isa = PBXFileReference; lastKnownFileType = text.plist.xml; path = Info.plist; sourceTree = "<group>"; };
		846595C923F286D200D05DC0 /* flixTests.xctest */ = {isa = PBXFileReference; explicitFileType = wrapper.cfbundle; includeInIndex = 0; path = flixTests.xctest; sourceTree = BUILT_PRODUCTS_DIR; };
		846595CD23F286D200D05DC0 /* flixTests.swift */ = {isa = PBXFileReference; lastKnownFileType = sourcecode.swift; path = flixTests.swift; sourceTree = "<group>"; };
		846595CF23F286D200D05DC0 /* Info.plist */ = {isa = PBXFileReference; lastKnownFileType = text.plist.xml; path = Info.plist; sourceTree = "<group>"; };
		846595D423F286D200D05DC0 /* flixUITests.xctest */ = {isa = PBXFileReference; explicitFileType = wrapper.cfbundle; includeInIndex = 0; path = flixUITests.xctest; sourceTree = BUILT_PRODUCTS_DIR; };
		846595D823F286D200D05DC0 /* flixUITests.swift */ = {isa = PBXFileReference; lastKnownFileType = sourcecode.swift; path = flixUITests.swift; sourceTree = "<group>"; };
		846595DA23F286D200D05DC0 /* Info.plist */ = {isa = PBXFileReference; lastKnownFileType = text.plist.xml; path = Info.plist; sourceTree = "<group>"; };
/* End PBXFileReference section */

/* Begin PBXFrameworksBuildPhase section */
		846595B023F286D100D05DC0 /* Frameworks */ = {
			isa = PBXFrameworksBuildPhase;
			buildActionMask = 2147483647;
			files = (
			);
			runOnlyForDeploymentPostprocessing = 0;
		};
		846595C623F286D200D05DC0 /* Frameworks */ = {
			isa = PBXFrameworksBuildPhase;
			buildActionMask = 2147483647;
			files = (
			);
			runOnlyForDeploymentPostprocessing = 0;
		};
		846595D123F286D200D05DC0 /* Frameworks */ = {
			isa = PBXFrameworksBuildPhase;
			buildActionMask = 2147483647;
			files = (
			);
			runOnlyForDeploymentPostprocessing = 0;
		};
/* End PBXFrameworksBuildPhase section */

/* Begin PBXGroup section */
		846595AA23F286D100D05DC0 = {
			isa = PBXGroup;
			children = (
				846595B523F286D100D05DC0 /* flix */,
				846595CC23F286D200D05DC0 /* flixTests */,
				846595D723F286D200D05DC0 /* flixUITests */,
				846595B423F286D100D05DC0 /* Products */,
			);
			sourceTree = "<group>";
		};
		846595B423F286D100D05DC0 /* Products */ = {
			isa = PBXGroup;
			children = (
				846595B323F286D100D05DC0 /* flix.app */,
				846595C923F286D200D05DC0 /* flixTests.xctest */,
				846595D423F286D200D05DC0 /* flixUITests.xctest */,
			);
			name = Products;
			sourceTree = "<group>";
		};
		846595B523F286D100D05DC0 /* flix */ = {
			isa = PBXGroup;
			children = (
				846595B623F286D100D05DC0 /* AppDelegate.swift */,
				846595B823F286D100D05DC0 /* SceneDelegate.swift */,
				846595BA23F286D100D05DC0 /* ViewController.swift */,
				846595BC23F286D100D05DC0 /* Main.storyboard */,
				846595BF23F286D100D05DC0 /* Assets.xcassets */,
				846595C123F286D100D05DC0 /* LaunchScreen.storyboard */,
				846595C423F286D100D05DC0 /* Info.plist */,
			);
			path = flix;
			sourceTree = "<group>";
		};
		846595CC23F286D200D05DC0 /* flixTests */ = {
			isa = PBXGroup;
			children = (
				846595CD23F286D200D05DC0 /* flixTests.swift */,
				846595CF23F286D200D05DC0 /* Info.plist */,
			);
			path = flixTests;
			sourceTree = "<group>";
		};
		846595D723F286D200D05DC0 /* flixUITests */ = {
			isa = PBXGroup;
			children = (
				846595D823F286D200D05DC0 /* flixUITests.swift */,
				846595DA23F286D200D05DC0 /* Info.plist */,
			);
			path = flixUITests;
			sourceTree = "<group>";
		};
/* End PBXGroup section */

/* Begin PBXNativeTarget section */
		846595B223F286D100D05DC0 /* flix */ = {
			isa = PBXNativeTarget;
			buildConfigurationList = 846595DD23F286D200D05DC0 /* Build configuration list for PBXNativeTarget "flix" */;
			buildPhases = (
				846595AF23F286D100D05DC0 /* Sources */,
				846595B023F286D100D05DC0 /* Frameworks */,
				846595B123F286D100D05DC0 /* Resources */,
			);
			buildRules = (
			);
			dependencies = (
			);
			name = flix;
			productName = flix;
			productReference = 846595B323F286D100D05DC0 /* flix.app */;
			productType = "com.apple.product-type.application";
		};
		846595C823F286D200D05DC0 /* flixTests */ = {
			isa = PBXNativeTarget;
			buildConfigurationList = 846595E023F286D200D05DC0 /* Build configuration list for PBXNativeTarget "flixTests" */;
			buildPhases = (
				846595C523F286D200D05DC0 /* Sources */,
				846595C623F286D200D05DC0 /* Frameworks */,
				846595C723F286D200D05DC0 /* Resources */,
			);
			buildRules = (
			);
			dependencies = (
				846595CB23F286D200D05DC0 /* PBXTargetDependency */,
			);
			name = flixTests;
			productName = flixTests;
			productReference = 846595C923F286D200D05DC0 /* flixTests.xctest */;
			productType = "com.apple.product-type.bundle.unit-test";
		};
		846595D323F286D200D05DC0 /* flixUITests */ = {
			isa = PBXNativeTarget;
			buildConfigurationList = 846595E323F286D200D05DC0 /* Build configuration list for PBXNativeTarget "flixUITests" */;
			buildPhases = (
				846595D023F286D200D05DC0 /* Sources */,
				846595D123F286D200D05DC0 /* Frameworks */,
				846595D223F286D200D05DC0 /* Resources */,
			);
			buildRules = (
			);
			dependencies = (
				846595D623F286D200D05DC0 /* PBXTargetDependency */,
			);
			name = flixUITests;
			productName = flixUITests;
			productReference = 846595D423F286D200D05DC0 /* flixUITests.xctest */;
			productType = "com.apple.product-type.bundle.ui-testing";
		};
/* End PBXNativeTarget section */

/* Begin PBXProject section */
		846595AB23F286D100D05DC0 /* Project object */ = {
			isa = PBXProject;
			attributes = {
				LastSwiftUpdateCheck = 1130;
				LastUpgradeCheck = 1130;
				ORGANIZATIONNAME = "kevin.orellana06@gmail.com";
				TargetAttributes = {
					846595B223F286D100D05DC0 = {
						CreatedOnToolsVersion = 11.3.1;
					};
					846595C823F286D200D05DC0 = {
						CreatedOnToolsVersion = 11.3.1;
						TestTargetID = 846595B223F286D100D05DC0;
					};
					846595D323F286D200D05DC0 = {
						CreatedOnToolsVersion = 11.3.1;
						TestTargetID = 846595B223F286D100D05DC0;
					};
				};
			};
			buildConfigurationList = 846595AE23F286D100D05DC0 /* Build configuration list for PBXProject "flix" */;
			compatibilityVersion = "Xcode 9.3";
			developmentRegion = en;
			hasScannedForEncodings = 0;
			knownRegions = (
				en,
				Base,
			);
			mainGroup = 846595AA23F286D100D05DC0;
			productRefGroup = 846595B423F286D100D05DC0 /* Products */;
			projectDirPath = "";
			projectRoot = "";
			targets = (
				846595B223F286D100D05DC0 /* flix */,
				846595C823F286D200D05DC0 /* flixTests */,
				846595D323F286D200D05DC0 /* flixUITests */,
			);
		};
/* End PBXProject section */

/* Begin PBXResourcesBuildPhase section */
		846595B123F286D100D05DC0 /* Resources */ = {
			isa = PBXResourcesBuildPhase;
			buildActionMask = 2147483647;
			files = (
				846595C323F286D100D05DC0 /* LaunchScreen.storyboard in Resources */,
				846595C023F286D100D05DC0 /* Assets.xcassets in Resources */,
				846595BE23F286D100D05DC0 /* Main.storyboard in Resources */,
			);
			runOnlyForDeploymentPostprocessing = 0;
		};
		846595C723F286D200D05DC0 /* Resources */ = {
			isa = PBXResourcesBuildPhase;
			buildActionMask = 2147483647;
			files = (
			);
			runOnlyForDeploymentPostprocessing = 0;
		};
		846595D223F286D200D05DC0 /* Resources */ = {
			isa = PBXResourcesBuildPhase;
			buildActionMask = 2147483647;
			files = (
			);
			runOnlyForDeploymentPostprocessing = 0;
		};
/* End PBXResourcesBuildPhase section */

/* Begin PBXSourcesBuildPhase section */
		846595AF23F286D100D05DC0 /* Sources */ = {
			isa = PBXSourcesBuildPhase;
			buildActionMask = 2147483647;
			files = (
				846595BB23F286D100D05DC0 /* ViewController.swift in Sources */,
				846595B723F286D100D05DC0 /* AppDelegate.swift in Sources */,
				846595B923F286D100D05DC0 /* SceneDelegate.swift in Sources */,
			);
			runOnlyForDeploymentPostprocessing = 0;
		};
		846595C523F286D200D05DC0 /* Sources */ = {
			isa = PBXSourcesBuildPhase;
			buildActionMask = 2147483647;
			files = (
				846595CE23F286D200D05DC0 /* flixTests.swift in Sources */,
			);
			runOnlyForDeploymentPostprocessing = 0;
		};
		846595D023F286D200D05DC0 /* Sources */ = {
			isa = PBXSourcesBuildPhase;
			buildActionMask = 2147483647;
			files = (
				846595D923F286D200D05DC0 /* flixUITests.swift in Sources */,
			);
			runOnlyForDeploymentPostprocessing = 0;
		};
/* End PBXSourcesBuildPhase section */

/* Begin PBXTargetDependency section */
		846595CB23F286D200D05DC0 /* PBXTargetDependency */ = {
			isa = PBXTargetDependency;
			target = 846595B223F286D100D05DC0 /* flix */;
			targetProxy = 846595CA23F286D200D05DC0 /* PBXContainerItemProxy */;
		};
		846595D623F286D200D05DC0 /* PBXTargetDependency */ = {
			isa = PBXTargetDependency;
			target = 846595B223F286D100D05DC0 /* flix */;
			targetProxy = 846595D523F286D200D05DC0 /* PBXContainerItemProxy */;
		};
/* End PBXTargetDependency section */

/* Begin PBXVariantGroup section */
		846595BC23F286D100D05DC0 /* Main.storyboard */ = {
			isa = PBXVariantGroup;
			children = (
				846595BD23F286D100D05DC0 /* Base */,
			);
			name = Main.storyboard;
			sourceTree = "<group>";
		};
		846595C123F286D100D05DC0 /* LaunchScreen.storyboard */ = {
			isa = PBXVariantGroup;
			children = (
				846595C223F286D100D05DC0 /* Base */,
			);
			name = LaunchScreen.storyboard;
			sourceTree = "<group>";
		};
/* End PBXVariantGroup section */

/* Begin XCBuildConfiguration section */
		846595DB23F286D200D05DC0 /* Debug */ = {
			isa = XCBuildConfiguration;
			buildSettings = {
				ALWAYS_SEARCH_USER_PATHS = NO;
				CLANG_ANALYZER_NONNULL = YES;
				CLANG_ANALYZER_NUMBER_OBJECT_CONVERSION = YES_AGGRESSIVE;
				CLANG_CXX_LANGUAGE_STANDARD = "gnu++14";
				CLANG_CXX_LIBRARY = "libc++";
				CLANG_ENABLE_MODULES = YES;
				CLANG_ENABLE_OBJC_ARC = YES;
				CLANG_ENABLE_OBJC_WEAK = YES;
				CLANG_WARN_BLOCK_CAPTURE_AUTORELEASING = YES;
				CLANG_WARN_BOOL_CONVERSION = YES;
				CLANG_WARN_COMMA = YES;
				CLANG_WARN_CONSTANT_CONVERSION = YES;
				CLANG_WARN_DEPRECATED_OBJC_IMPLEMENTATIONS = YES;
				CLANG_WARN_DIRECT_OBJC_ISA_USAGE = YES_ERROR;
				CLANG_WARN_DOCUMENTATION_COMMENTS = YES;
				CLANG_WARN_EMPTY_BODY = YES;
				CLANG_WARN_ENUM_CONVERSION = YES;
				CLANG_WARN_INFINITE_RECURSION = YES;
				CLANG_WARN_INT_CONVERSION = YES;
				CLANG_WARN_NON_LITERAL_NULL_CONVERSION = YES;
				CLANG_WARN_OBJC_IMPLICIT_RETAIN_SELF = YES;
				CLANG_WARN_OBJC_LITERAL_CONVERSION = YES;
				CLANG_WARN_OBJC_ROOT_CLASS = YES_ERROR;
				CLANG_WARN_RANGE_LOOP_ANALYSIS = YES;
				CLANG_WARN_STRICT_PROTOTYPES = YES;
				CLANG_WARN_SUSPICIOUS_MOVE = YES;
				CLANG_WARN_UNGUARDED_AVAILABILITY = YES_AGGRESSIVE;
				CLANG_WARN_UNREACHABLE_CODE = YES;
				CLANG_WARN__DUPLICATE_METHOD_MATCH = YES;
				COPY_PHASE_STRIP = NO;
				DEBUG_INFORMATION_FORMAT = dwarf;
				ENABLE_STRICT_OBJC_MSGSEND = YES;
				ENABLE_TESTABILITY = YES;
				GCC_C_LANGUAGE_STANDARD = gnu11;
				GCC_DYNAMIC_NO_PIC = NO;
				GCC_NO_COMMON_BLOCKS = YES;
				GCC_OPTIMIZATION_LEVEL = 0;
				GCC_PREPROCESSOR_DEFINITIONS = (
					"DEBUG=1",
					"$(inherited)",
				);
				GCC_WARN_64_TO_32_BIT_CONVERSION = YES;
				GCC_WARN_ABOUT_RETURN_TYPE = YES_ERROR;
				GCC_WARN_UNDECLARED_SELECTOR = YES;
				GCC_WARN_UNINITIALIZED_AUTOS = YES_AGGRESSIVE;
				GCC_WARN_UNUSED_FUNCTION = YES;
				GCC_WARN_UNUSED_VARIABLE = YES;
				IPHONEOS_DEPLOYMENT_TARGET = 13.2;
				MTL_ENABLE_DEBUG_INFO = INCLUDE_SOURCE;
				MTL_FAST_MATH = YES;
				ONLY_ACTIVE_ARCH = YES;
				SDKROOT = iphoneos;
				SWIFT_ACTIVE_COMPILATION_CONDITIONS = DEBUG;
				SWIFT_OPTIMIZATION_LEVEL = "-Onone";
			};
			name = Debug;
		};
		846595DC23F286D200D05DC0 /* Release */ = {
			isa = XCBuildConfiguration;
			buildSettings = {
				ALWAYS_SEARCH_USER_PATHS = NO;
				CLANG_ANALYZER_NONNULL = YES;
				CLANG_ANALYZER_NUMBER_OBJECT_CONVERSION = YES_AGGRESSIVE;
				CLANG_CXX_LANGUAGE_STANDARD = "gnu++14";
				CLANG_CXX_LIBRARY = "libc++";
				CLANG_ENABLE_MODULES = YES;
				CLANG_ENABLE_OBJC_ARC = YES;
				CLANG_ENABLE_OBJC_WEAK = YES;
				CLANG_WARN_BLOCK_CAPTURE_AUTORELEASING = YES;
				CLANG_WARN_BOOL_CONVERSION = YES;
				CLANG_WARN_COMMA = YES;
				CLANG_WARN_CONSTANT_CONVERSION = YES;
				CLANG_WARN_DEPRECATED_OBJC_IMPLEMENTATIONS = YES;
				CLANG_WARN_DIRECT_OBJC_ISA_USAGE = YES_ERROR;
				CLANG_WARN_DOCUMENTATION_COMMENTS = YES;
				CLANG_WARN_EMPTY_BODY = YES;
				CLANG_WARN_ENUM_CONVERSION = YES;
				CLANG_WARN_INFINITE_RECURSION = YES;
				CLANG_WARN_INT_CONVERSION = YES;
				CLANG_WARN_NON_LITERAL_NULL_CONVERSION = YES;
				CLANG_WARN_OBJC_IMPLICIT_RETAIN_SELF = YES;
				CLANG_WARN_OBJC_LITERAL_CONVERSION = YES;
				CLANG_WARN_OBJC_ROOT_CLASS = YES_ERROR;
				CLANG_WARN_RANGE_LOOP_ANALYSIS = YES;
				CLANG_WARN_STRICT_PROTOTYPES = YES;
				CLANG_WARN_SUSPICIOUS_MOVE = YES;
				CLANG_WARN_UNGUARDED_AVAILABILITY = YES_AGGRESSIVE;
				CLANG_WARN_UNREACHABLE_CODE = YES;
				CLANG_WARN__DUPLICATE_METHOD_MATCH = YES;
				COPY_PHASE_STRIP = NO;
				DEBUG_INFORMATION_FORMAT = "dwarf-with-dsym";
				ENABLE_NS_ASSERTIONS = NO;
				ENABLE_STRICT_OBJC_MSGSEND = YES;
				GCC_C_LANGUAGE_STANDARD = gnu11;
				GCC_NO_COMMON_BLOCKS = YES;
				GCC_WARN_64_TO_32_BIT_CONVERSION = YES;
				GCC_WARN_ABOUT_RETURN_TYPE = YES_ERROR;
				GCC_WARN_UNDECLARED_SELECTOR = YES;
				GCC_WARN_UNINITIALIZED_AUTOS = YES_AGGRESSIVE;
				GCC_WARN_UNUSED_FUNCTION = YES;
				GCC_WARN_UNUSED_VARIABLE = YES;
				IPHONEOS_DEPLOYMENT_TARGET = 13.2;
				MTL_ENABLE_DEBUG_INFO = NO;
				MTL_FAST_MATH = YES;
				SDKROOT = iphoneos;
				SWIFT_COMPILATION_MODE = wholemodule;
				SWIFT_OPTIMIZATION_LEVEL = "-O";
				VALIDATE_PRODUCT = YES;
			};
			name = Release;
		};
		846595DE23F286D200D05DC0 /* Debug */ = {
			isa = XCBuildConfiguration;
			buildSettings = {
				ASSETCATALOG_COMPILER_APPICON_NAME = AppIcon;
				CODE_SIGN_STYLE = Automatic;
				INFOPLIST_FILE = flix/Info.plist;
				LD_RUNPATH_SEARCH_PATHS = (
					"$(inherited)",
					"@executable_path/Frameworks",
				);
				PRODUCT_BUNDLE_IDENTIFIER = "kevin.orellana06-gmail.com.flix";
				PRODUCT_NAME = "$(TARGET_NAME)";
				SWIFT_VERSION = 5.0;
				TARGETED_DEVICE_FAMILY = "1,2";
			};
			name = Debug;
		};
		846595DF23F286D200D05DC0 /* Release */ = {
			isa = XCBuildConfiguration;
			buildSettings = {
				ASSETCATALOG_COMPILER_APPICON_NAME = AppIcon;
				CODE_SIGN_STYLE = Automatic;
				INFOPLIST_FILE = flix/Info.plist;
				LD_RUNPATH_SEARCH_PATHS = (
					"$(inherited)",
					"@executable_path/Frameworks",
				);
				PRODUCT_BUNDLE_IDENTIFIER = "kevin.orellana06-gmail.com.flix";
				PRODUCT_NAME = "$(TARGET_NAME)";
				SWIFT_VERSION = 5.0;
				TARGETED_DEVICE_FAMILY = "1,2";
			};
			name = Release;
		};
		846595E123F286D200D05DC0 /* Debug */ = {
			isa = XCBuildConfiguration;
			buildSettings = {
				ALWAYS_EMBED_SWIFT_STANDARD_LIBRARIES = YES;
				BUNDLE_LOADER = "$(TEST_HOST)";
				CODE_SIGN_STYLE = Automatic;
				INFOPLIST_FILE = flixTests/Info.plist;
				IPHONEOS_DEPLOYMENT_TARGET = 13.2;
				LD_RUNPATH_SEARCH_PATHS = (
					"$(inherited)",
					"@executable_path/Frameworks",
					"@loader_path/Frameworks",
				);
				PRODUCT_BUNDLE_IDENTIFIER = "kevin.orellana06-gmail.com.flixTests";
				PRODUCT_NAME = "$(TARGET_NAME)";
				SWIFT_VERSION = 5.0;
				TARGETED_DEVICE_FAMILY = "1,2";
				TEST_HOST = "$(BUILT_PRODUCTS_DIR)/flix.app/flix";
			};
			name = Debug;
		};
		846595E223F286D200D05DC0 /* Release */ = {
			isa = XCBuildConfiguration;
			buildSettings = {
				ALWAYS_EMBED_SWIFT_STANDARD_LIBRARIES = YES;
				BUNDLE_LOADER = "$(TEST_HOST)";
				CODE_SIGN_STYLE = Automatic;
				INFOPLIST_FILE = flixTests/Info.plist;
				IPHONEOS_DEPLOYMENT_TARGET = 13.2;
				LD_RUNPATH_SEARCH_PATHS = (
					"$(inherited)",
					"@executable_path/Frameworks",
					"@loader_path/Frameworks",
				);
				PRODUCT_BUNDLE_IDENTIFIER = "kevin.orellana06-gmail.com.flixTests";
				PRODUCT_NAME = "$(TARGET_NAME)";
				SWIFT_VERSION = 5.0;
				TARGETED_DEVICE_FAMILY = "1,2";
				TEST_HOST = "$(BUILT_PRODUCTS_DIR)/flix.app/flix";
			};
			name = Release;
		};
		846595E423F286D200D05DC0 /* Debug */ = {
			isa = XCBuildConfiguration;
			buildSettings = {
				ALWAYS_EMBED_SWIFT_STANDARD_LIBRARIES = YES;
				CODE_SIGN_STYLE = Automatic;
				INFOPLIST_FILE = flixUITests/Info.plist;
				LD_RUNPATH_SEARCH_PATHS = (
					"$(inherited)",
					"@executable_path/Frameworks",
					"@loader_path/Frameworks",
				);
				PRODUCT_BUNDLE_IDENTIFIER = "kevin.orellana06-gmail.com.flixUITests";
				PRODUCT_NAME = "$(TARGET_NAME)";
				SWIFT_VERSION = 5.0;
				TARGETED_DEVICE_FAMILY = "1,2";
				TEST_TARGET_NAME = flix;
			};
			name = Debug;
		};
		846595E523F286D200D05DC0 /* Release */ = {
			isa = XCBuildConfiguration;
			buildSettings = {
				ALWAYS_EMBED_SWIFT_STANDARD_LIBRARIES = YES;
				CODE_SIGN_STYLE = Automatic;
				INFOPLIST_FILE = flixUITests/Info.plist;
				LD_RUNPATH_SEARCH_PATHS = (
					"$(inherited)",
					"@executable_path/Frameworks",
					"@loader_path/Frameworks",
				);
				PRODUCT_BUNDLE_IDENTIFIER = "kevin.orellana06-gmail.com.flixUITests";
				PRODUCT_NAME = "$(TARGET_NAME)";
				SWIFT_VERSION = 5.0;
				TARGETED_DEVICE_FAMILY = "1,2";
				TEST_TARGET_NAME = flix;
			};
			name = Release;
		};
/* End XCBuildConfiguration section */

/* Begin XCConfigurationList section */
		846595AE23F286D100D05DC0 /* Build configuration list for PBXProject "flix" */ = {
			isa = XCConfigurationList;
			buildConfigurations = (
				846595DB23F286D200D05DC0 /* Debug */,
				846595DC23F286D200D05DC0 /* Release */,
			);
			defaultConfigurationIsVisible = 0;
			defaultConfigurationName = Release;
		};
		846595DD23F286D200D05DC0 /* Build configuration list for PBXNativeTarget "flix" */ = {
			isa = XCConfigurationList;
			buildConfigurations = (
				846595DE23F286D200D05DC0 /* Debug */,
				846595DF23F286D200D05DC0 /* Release */,
			);
			defaultConfigurationIsVisible = 0;
			defaultConfigurationName = Release;
		};
		846595E023F286D200D05DC0 /* Build configuration list for PBXNativeTarget "flixTests" */ = {
			isa = XCConfigurationList;
			buildConfigurations = (
				846595E123F286D200D05DC0 /* Debug */,
				846595E223F286D200D05DC0 /* Release */,
			);
			defaultConfigurationIsVisible = 0;
			defaultConfigurationName = Release;
		};
		846595E323F286D200D05DC0 /* Build configuration list for PBXNativeTarget "flixUITests" */ = {
			isa = XCConfigurationList;
			buildConfigurations = (
				846595E423F286D200D05DC0 /* Debug */,
				846595E523F286D200D05DC0 /* Release */,
			);
			defaultConfigurationIsVisible = 0;
			defaultConfigurationName = Release;
		};
/* End XCConfigurationList section */
	};
	rootObject = 846595AB23F286D100D05DC0 /* Project object */;
}
